
Microsoft Visual Studio Solution File, Format Version 12.00
# Visual Studio Version 16
VisualStudioVersion = 16.0.31105.61
MinimumVisualStudioVersion = 10.0.40219.1
Project("{FAE04EC0-301F-11D3-BF4B-00C04F79EFBC}") = "StarterApi", "StarterApi\StarterApi.csproj", "{C1E2313B-7272-4EAE-A9B4-B30512780303}"
EndProject
Project("{FAE04EC0-301F-11D3-BF4B-00C04F79EFBC}") = "StarterUi", "StarterUi\StarterUi.csproj", "{EFF2A19B-6EC0-406C-9ED7-03067BD30C6F}"
EndProject
Project("{E53339B2-1760-4266-BCC7-CA923CBCF16C}") = "docker-compose", "docker-compose.dcproj", "{6741E1CA-0155-4B76-A866-D9BFF8F63ECA}"
EndProject
Project("{2150E333-8FDC-42A3-9474-1A3956D46DE8}") = "Useful", "Useful", "{33C127FD-1639-48BD-9784-9D42B22F5711}"
	ProjectSection(SolutionItems) = preProject
		CommandsCheatsheet.md = CommandsCheatsheet.md
		ReadMe.md = ReadMe.md
	EndProjectSection
EndProject
Project("{2150E333-8FDC-42A3-9474-1A3956D46DE8}") = "Kubernetes", "Kubernetes", "{09E7096E-5A81-404A-B0D1-2C395D6B01C3}"
	ProjectSection(SolutionItems) = preProject
		demodeployment.yaml = demodeployment.yaml
	EndProjectSection
EndProject
Global
	GlobalSection(SolutionConfigurationPlatforms) = preSolution
		Debug|Any CPU = Debug|Any CPU
		Release|Any CPU = Release|Any CPU
	EndGlobalSection
	GlobalSection(ProjectConfigurationPlatforms) = postSolution
		{C1E2313B-7272-4EAE-A9B4-B30512780303}.Debug|Any CPU.ActiveCfg = Debug|Any CPU
		{C1E2313B-7272-4EAE-A9B4-B30512780303}.Debug|Any CPU.Build.0 = Debug|Any CPU
		{C1E2313B-7272-4EAE-A9B4-B30512780303}.Release|Any CPU.ActiveCfg = Release|Any CPU
		{C1E2313B-7272-4EAE-A9B4-B30512780303}.Release|Any CPU.Build.0 = Release|Any CPU
		{EFF2A19B-6EC0-406C-9ED7-03067BD30C6F}.Debug|Any CPU.ActiveCfg = Debug|Any CPU
		{EFF2A19B-6EC0-406C-9ED7-03067BD30C6F}.Debug|Any CPU.Build.0 = Debug|Any CPU
		{EFF2A19B-6EC0-406C-9ED7-03067BD30C6F}.Release|Any CPU.ActiveCfg = Release|Any CPU
		{EFF2A19B-6EC0-406C-9ED7-03067BD30C6F}.Release|Any CPU.Build.0 = Release|Any CPU
		{6741E1CA-0155-4B76-A866-D9BFF8F63ECA}.Debug|Any CPU.ActiveCfg = Debug|Any CPU
		{6741E1CA-0155-4B76-A866-D9BFF8F63ECA}.Debug|Any CPU.Build.0 = Debug|Any CPU
		{6741E1CA-0155-4B76-A866-D9BFF8F63ECA}.Release|Any CPU.ActiveCfg = Release|Any CPU
		{6741E1CA-0155-4B76-A866-D9BFF8F63ECA}.Release|Any CPU.Build.0 = Release|Any CPU
	EndGlobalSection
	GlobalSection(SolutionProperties) = preSolution
		HideSolutionNode = FALSE
	EndGlobalSection
	GlobalSection(ExtensibilityGlobals) = postSolution
		SolutionGuid = {455947D2-EA3C-43A6-B6B9-18ED46DCA27A}
	EndGlobalSection
EndGlobal
